
Microsoft Visual Studio Solution File, Format Version 12.00
# Visual Studio 2015
Project("{FAE04EC0-301F-11D3-BF4B-00C04F79EFBC}") = "Lab 02.CSharp", "Lab 02.CSharp.csproj", "{FAEA2ABA-F6D7-6982-6528-38D6BB3A8356}"
EndProject
Global
	GlobalSection(SolutionConfigurationPlatforms) = preSolution
		Debug|Any CPU = Debug|Any CPU
		Release|Any CPU = Release|Any CPU
	EndGlobalSection
	GlobalSection(ProjectConfigurationPlatforms) = postSolution
		{FAEA2ABA-F6D7-6982-6528-38D6BB3A8356}.Debug|Any CPU.ActiveCfg = Debug|Any CPU
		{FAEA2ABA-F6D7-6982-6528-38D6BB3A8356}.Debug|Any CPU.Build.0 = Debug|Any CPU
		{FAEA2ABA-F6D7-6982-6528-38D6BB3A8356}.Release|Any CPU.ActiveCfg = Release|Any CPU
		{FAEA2ABA-F6D7-6982-6528-38D6BB3A8356}.Release|Any CPU.Build.0 = Release|Any CPU
	EndGlobalSection
	GlobalSection(SolutionProperties) = preSolution
		HideSolutionNode = FALSE
	EndGlobalSection
EndGlobal
