
Microsoft Visual Studio Solution File, Format Version 12.00
# Visual Studio 2012
Project("{FAE04EC0-301F-11D3-BF4B-00C04F79EFBC}") = "TestSpace", "Lab01\TestSpace.csproj", "{047DB415-63CE-4445-9231-D7CB62BD1582}"
EndProject
Project("{FAE04EC0-301F-11D3-BF4B-00C04F79EFBC}") = "Lab_01", "Lab_01\Lab_01.csproj", "{39463673-E707-4385-A432-E8362C2C4895}"
EndProject
Global
	GlobalSection(SolutionConfigurationPlatforms) = preSolution
		Debug|x86 = Debug|x86
		Release|x86 = Release|x86
	EndGlobalSection
	GlobalSection(ProjectConfigurationPlatforms) = postSolution
		{047DB415-63CE-4445-9231-D7CB62BD1582}.Debug|x86.ActiveCfg = Debug|x86
		{047DB415-63CE-4445-9231-D7CB62BD1582}.Debug|x86.Build.0 = Debug|x86
		{047DB415-63CE-4445-9231-D7CB62BD1582}.Release|x86.ActiveCfg = Release|x86
		{047DB415-63CE-4445-9231-D7CB62BD1582}.Release|x86.Build.0 = Release|x86
		{39463673-E707-4385-A432-E8362C2C4895}.Debug|x86.ActiveCfg = Debug|x86
		{39463673-E707-4385-A432-E8362C2C4895}.Debug|x86.Build.0 = Debug|x86
		{39463673-E707-4385-A432-E8362C2C4895}.Release|x86.ActiveCfg = Release|x86
		{39463673-E707-4385-A432-E8362C2C4895}.Release|x86.Build.0 = Release|x86
	EndGlobalSection
EndGlobal
